
Microsoft Visual Studio Solution File, Format Version 12.00
# Visual Studio Version 17
VisualStudioVersion = 17.3.32922.545
MinimumVisualStudioVersion = 10.0.40219.1
Project("{2150E333-8FDC-42A3-9474-1A3956D46DE8}") = "ReglasDeNegocio", "ReglasDeNegocio", "{7236C3CE-C59B-47B0-AA87-5D18BEBF5DE5}"
EndProject
Project("{9A19103F-16F7-4668-BE54-9A1E7A4F7556}") = "ClassLibraryEntities", "ClassLibraryEntities\ClassLibraryEntities.csproj", "{241433B5-2E94-4463-8549-1C7E85B0B03F}"
EndProject
Project("{2150E333-8FDC-42A3-9474-1A3956D46DE8}") = "InterfacesAdapters", "InterfacesAdapters", "{EF405232-227C-4D58-AA31-82FC88BDB7C6}"
EndProject
Project("{2150E333-8FDC-42A3-9474-1A3956D46DE8}") = "Gateways", "Gateways", "{7B265185-D365-4B46-86F5-658C9CC10DCA}"
EndProject
Project("{9A19103F-16F7-4668-BE54-9A1E7A4F7556}") = "CL.RepositoryEFCore", "CL.RepositoryEFCore\CL.RepositoryEFCore.csproj", "{1E448E2B-7951-4F91-B9EC-6C418D7B9E0C}"
EndProject
Project("{2150E333-8FDC-42A3-9474-1A3956D46DE8}") = "AplicacionReglasDeNegocio", "AplicacionReglasDeNegocio", "{ED255ECB-9BED-47F0-9DF4-5971AE83001A}"
EndProject
Project("{FAE04EC0-301F-11D3-BF4B-00C04F79EFBC}") = "Cucuta.DTOs", "Cucuta.DTOs\Cucuta.DTOs.csproj", "{C2F822EF-446D-4062-A075-305129A9EB84}"
EndProject
Project("{FAE04EC0-301F-11D3-BF4B-00C04F79EFBC}") = "Cucuta.UseCasePorts(Aplicacion)", "Cucuta.UseCasePorts(Aplicacion)\Cucuta.UseCasePorts(Aplicacion).csproj", "{183D1D5F-1EA6-4CCB-A49E-EA5689B094AC}"
EndProject
Project("{FAE04EC0-301F-11D3-BF4B-00C04F79EFBC}") = "Cucuta.UseCases(Aplicacion)", "Cucuta.UseCases(Aplicacion)\Cucuta.UseCases(Aplicacion).csproj", "{769CAA51-3FDC-41F4-95AC-5C7F6A0F19F4}"
EndProject
Project("{2150E333-8FDC-42A3-9474-1A3956D46DE8}") = "Presentador", "Presentador", "{2D6D2918-21AC-486F-83E3-B8C60AF2F347}"
EndProject
Project("{FAE04EC0-301F-11D3-BF4B-00C04F79EFBC}") = "Cucuta.Presentador", "Cucuta.Presentador\Cucuta.Presentador.csproj", "{E715DE77-AE16-4B1D-84C2-C4706871B26F}"
EndProject
Project("{2150E333-8FDC-42A3-9474-1A3956D46DE8}") = "Controllers", "Controllers", "{97DAB833-8AFE-4283-83CC-DEC15D79E694}"
EndProject
Project("{FAE04EC0-301F-11D3-BF4B-00C04F79EFBC}") = "Cucuta.Controllers", "Cucuta.Controllers\Cucuta.Controllers.csproj", "{BD62EC2D-C0E5-4A90-BF2C-08D3E9783AF9}"
EndProject
Project("{FAE04EC0-301F-11D3-BF4B-00C04F79EFBC}") = "Cucuta.InversionControl", "Cucuta.InversionControl\Cucuta.InversionControl.csproj", "{7FE27A70-5AAA-47E8-A6C1-5B26D7317004}"
EndProject
Project("{2150E333-8FDC-42A3-9474-1A3956D46DE8}") = "Frameworks And Drivers", "Frameworks And Drivers", "{E1A18116-FF34-4100-9470-044081A500DA}"
EndProject
Project("{2150E333-8FDC-42A3-9474-1A3956D46DE8}") = "Uis", "Uis", "{D30C3270-F95B-4D00-B2C4-BC5693B21869}"
EndProject
Project("{FAE04EC0-301F-11D3-BF4B-00C04F79EFBC}") = "Cucuta.Api", "Cucuta.Api\Cucuta.Api.csproj", "{D07147CB-9F91-4E36-B7A8-CEA0FAB2D6EE}"
EndProject
Global
	GlobalSection(SolutionConfigurationPlatforms) = preSolution
		Debug|Any CPU = Debug|Any CPU
		Release|Any CPU = Release|Any CPU
	EndGlobalSection
	GlobalSection(ProjectConfigurationPlatforms) = postSolution
		{241433B5-2E94-4463-8549-1C7E85B0B03F}.Debug|Any CPU.ActiveCfg = Debug|Any CPU
		{241433B5-2E94-4463-8549-1C7E85B0B03F}.Debug|Any CPU.Build.0 = Debug|Any CPU
		{241433B5-2E94-4463-8549-1C7E85B0B03F}.Release|Any CPU.ActiveCfg = Release|Any CPU
		{241433B5-2E94-4463-8549-1C7E85B0B03F}.Release|Any CPU.Build.0 = Release|Any CPU
		{1E448E2B-7951-4F91-B9EC-6C418D7B9E0C}.Debug|Any CPU.ActiveCfg = Debug|Any CPU
		{1E448E2B-7951-4F91-B9EC-6C418D7B9E0C}.Debug|Any CPU.Build.0 = Debug|Any CPU
		{1E448E2B-7951-4F91-B9EC-6C418D7B9E0C}.Release|Any CPU.ActiveCfg = Release|Any CPU
		{1E448E2B-7951-4F91-B9EC-6C418D7B9E0C}.Release|Any CPU.Build.0 = Release|Any CPU
		{C2F822EF-446D-4062-A075-305129A9EB84}.Debug|Any CPU.ActiveCfg = Debug|Any CPU
		{C2F822EF-446D-4062-A075-305129A9EB84}.Debug|Any CPU.Build.0 = Debug|Any CPU
		{C2F822EF-446D-4062-A075-305129A9EB84}.Release|Any CPU.ActiveCfg = Release|Any CPU
		{C2F822EF-446D-4062-A075-305129A9EB84}.Release|Any CPU.Build.0 = Release|Any CPU
		{183D1D5F-1EA6-4CCB-A49E-EA5689B094AC}.Debug|Any CPU.ActiveCfg = Debug|Any CPU
		{183D1D5F-1EA6-4CCB-A49E-EA5689B094AC}.Debug|Any CPU.Build.0 = Debug|Any CPU
		{183D1D5F-1EA6-4CCB-A49E-EA5689B094AC}.Release|Any CPU.ActiveCfg = Release|Any CPU
		{183D1D5F-1EA6-4CCB-A49E-EA5689B094AC}.Release|Any CPU.Build.0 = Release|Any CPU
		{769CAA51-3FDC-41F4-95AC-5C7F6A0F19F4}.Debug|Any CPU.ActiveCfg = Debug|Any CPU
		{769CAA51-3FDC-41F4-95AC-5C7F6A0F19F4}.Debug|Any CPU.Build.0 = Debug|Any CPU
		{769CAA51-3FDC-41F4-95AC-5C7F6A0F19F4}.Release|Any CPU.ActiveCfg = Release|Any CPU
		{769CAA51-3FDC-41F4-95AC-5C7F6A0F19F4}.Release|Any CPU.Build.0 = Release|Any CPU
		{E715DE77-AE16-4B1D-84C2-C4706871B26F}.Debug|Any CPU.ActiveCfg = Debug|Any CPU
		{E715DE77-AE16-4B1D-84C2-C4706871B26F}.Debug|Any CPU.Build.0 = Debug|Any CPU
		{E715DE77-AE16-4B1D-84C2-C4706871B26F}.Release|Any CPU.ActiveCfg = Release|Any CPU
		{E715DE77-AE16-4B1D-84C2-C4706871B26F}.Release|Any CPU.Build.0 = Release|Any CPU
		{BD62EC2D-C0E5-4A90-BF2C-08D3E9783AF9}.Debug|Any CPU.ActiveCfg = Debug|Any CPU
		{BD62EC2D-C0E5-4A90-BF2C-08D3E9783AF9}.Debug|Any CPU.Build.0 = Debug|Any CPU
		{BD62EC2D-C0E5-4A90-BF2C-08D3E9783AF9}.Release|Any CPU.ActiveCfg = Release|Any CPU
		{BD62EC2D-C0E5-4A90-BF2C-08D3E9783AF9}.Release|Any CPU.Build.0 = Release|Any CPU
		{7FE27A70-5AAA-47E8-A6C1-5B26D7317004}.Debug|Any CPU.ActiveCfg = Debug|Any CPU
		{7FE27A70-5AAA-47E8-A6C1-5B26D7317004}.Debug|Any CPU.Build.0 = Debug|Any CPU
		{7FE27A70-5AAA-47E8-A6C1-5B26D7317004}.Release|Any CPU.ActiveCfg = Release|Any CPU
		{7FE27A70-5AAA-47E8-A6C1-5B26D7317004}.Release|Any CPU.Build.0 = Release|Any CPU
		{D07147CB-9F91-4E36-B7A8-CEA0FAB2D6EE}.Debug|Any CPU.ActiveCfg = Debug|Any CPU
		{D07147CB-9F91-4E36-B7A8-CEA0FAB2D6EE}.Debug|Any CPU.Build.0 = Debug|Any CPU
		{D07147CB-9F91-4E36-B7A8-CEA0FAB2D6EE}.Release|Any CPU.ActiveCfg = Release|Any CPU
		{D07147CB-9F91-4E36-B7A8-CEA0FAB2D6EE}.Release|Any CPU.Build.0 = Release|Any CPU
	EndGlobalSection
	GlobalSection(SolutionProperties) = preSolution
		HideSolutionNode = FALSE
	EndGlobalSection
	GlobalSection(NestedProjects) = preSolution
		{241433B5-2E94-4463-8549-1C7E85B0B03F} = {7236C3CE-C59B-47B0-AA87-5D18BEBF5DE5}
		{7B265185-D365-4B46-86F5-658C9CC10DCA} = {EF405232-227C-4D58-AA31-82FC88BDB7C6}
		{1E448E2B-7951-4F91-B9EC-6C418D7B9E0C} = {7B265185-D365-4B46-86F5-658C9CC10DCA}
		{C2F822EF-446D-4062-A075-305129A9EB84} = {ED255ECB-9BED-47F0-9DF4-5971AE83001A}
		{183D1D5F-1EA6-4CCB-A49E-EA5689B094AC} = {ED255ECB-9BED-47F0-9DF4-5971AE83001A}
		{769CAA51-3FDC-41F4-95AC-5C7F6A0F19F4} = {ED255ECB-9BED-47F0-9DF4-5971AE83001A}
		{2D6D2918-21AC-486F-83E3-B8C60AF2F347} = {EF405232-227C-4D58-AA31-82FC88BDB7C6}
		{E715DE77-AE16-4B1D-84C2-C4706871B26F} = {2D6D2918-21AC-486F-83E3-B8C60AF2F347}
		{97DAB833-8AFE-4283-83CC-DEC15D79E694} = {EF405232-227C-4D58-AA31-82FC88BDB7C6}
		{BD62EC2D-C0E5-4A90-BF2C-08D3E9783AF9} = {97DAB833-8AFE-4283-83CC-DEC15D79E694}
		{7FE27A70-5AAA-47E8-A6C1-5B26D7317004} = {7B265185-D365-4B46-86F5-658C9CC10DCA}
		{D30C3270-F95B-4D00-B2C4-BC5693B21869} = {E1A18116-FF34-4100-9470-044081A500DA}
		{D07147CB-9F91-4E36-B7A8-CEA0FAB2D6EE} = {D30C3270-F95B-4D00-B2C4-BC5693B21869}
	EndGlobalSection
	GlobalSection(ExtensibilityGlobals) = postSolution
		SolutionGuid = {8D9816B9-9FCC-4C49-8887-FF84E36D1913}
	EndGlobalSection
EndGlobal
